
Microsoft Visual Studio Solution File, Format Version 12.00
# Visual Studio 2013
VisualStudioVersion = 12.0.21005.1
MinimumVisualStudioVersion = 10.0.40219.1
Project("{8BC9CEB8-8B4A-11D0-8D11-00A0C91BC942}") = "1712459", "1712459\1712459.vcxproj", "{A87B47ED-755B-4F04-ADDB-2D247D4F8B59}"
EndProject
Global
	GlobalSection(SolutionConfigurationPlatforms) = preSolution
		Debug|Win32 = Debug|Win32
		Release|Win32 = Release|Win32
	EndGlobalSection
	GlobalSection(ProjectConfigurationPlatforms) = postSolution
		{A87B47ED-755B-4F04-ADDB-2D247D4F8B59}.Debug|Win32.ActiveCfg = Debug|Win32
		{A87B47ED-755B-4F04-ADDB-2D247D4F8B59}.Debug|Win32.Build.0 = Debug|Win32
		{A87B47ED-755B-4F04-ADDB-2D247D4F8B59}.Release|Win32.ActiveCfg = Release|Win32
		{A87B47ED-755B-4F04-ADDB-2D247D4F8B59}.Release|Win32.Build.0 = Release|Win32
	EndGlobalSection
	GlobalSection(SolutionProperties) = preSolution
		HideSolutionNode = FALSE
	EndGlobalSection
EndGlobal
